
Microsoft Visual Studio Solution File, Format Version 12.00
# Visual Studio Version 16
VisualStudioVersion = 16.0.30204.135
MinimumVisualStudioVersion = 10.0.40219.1
Project("{9A19103F-16F7-4668-BE54-9A1E7A4F7556}") = "FluentSpecifications", "src\FluentSpecifications\FluentSpecifications.csproj", "{84A32D44-3A55-424E-A94C-0237914B2887}"
EndProject
Project("{9A19103F-16F7-4668-BE54-9A1E7A4F7556}") = "FluentSpecifications.Tests", "src\FluentSpecifications.Tests\FluentSpecifications.Tests.csproj", "{03EA0151-18C5-4F2B-9A96-95B767300C3D}"
EndProject
Global
	GlobalSection(SolutionConfigurationPlatforms) = preSolution
		Debug|Any CPU = Debug|Any CPU
		Release|Any CPU = Release|Any CPU
	EndGlobalSection
	GlobalSection(ProjectConfigurationPlatforms) = postSolution
		{84A32D44-3A55-424E-A94C-0237914B2887}.Debug|Any CPU.ActiveCfg = Debug|Any CPU
		{84A32D44-3A55-424E-A94C-0237914B2887}.Debug|Any CPU.Build.0 = Debug|Any CPU
		{84A32D44-3A55-424E-A94C-0237914B2887}.Release|Any CPU.ActiveCfg = Release|Any CPU
		{84A32D44-3A55-424E-A94C-0237914B2887}.Release|Any CPU.Build.0 = Release|Any CPU
		{03EA0151-18C5-4F2B-9A96-95B767300C3D}.Debug|Any CPU.ActiveCfg = Debug|Any CPU
		{03EA0151-18C5-4F2B-9A96-95B767300C3D}.Debug|Any CPU.Build.0 = Debug|Any CPU
		{03EA0151-18C5-4F2B-9A96-95B767300C3D}.Release|Any CPU.ActiveCfg = Release|Any CPU
		{03EA0151-18C5-4F2B-9A96-95B767300C3D}.Release|Any CPU.Build.0 = Release|Any CPU
	EndGlobalSection
	GlobalSection(SolutionProperties) = preSolution
		HideSolutionNode = FALSE
	EndGlobalSection
	GlobalSection(ExtensibilityGlobals) = postSolution
		SolutionGuid = {3FFFF49B-A237-4715-AADE-21BCB1E65F36}
	EndGlobalSection
EndGlobal
